
Microsoft Visual Studio Solution File, Format Version 12.00
Project("{2150E333-8FDC-42A3-9474-1A3956D46DE8}") = "services", "services", "{5FE7054D-F614-4DD9-974C-4B43C1AD57DD}"
EndProject
Project("{2150E333-8FDC-42A3-9474-1A3956D46DE8}") = "tests", "tests", "{D657BEF7-9D9F-4159-86A3-F712E621703D}"
EndProject
Project("{2150E333-8FDC-42A3-9474-1A3956D46DE8}") = "gateway", "gateway", "{BCCA64C8-A4F1-4728-93DA-E185D3F9CD59}"
EndProject
Project("{2150E333-8FDC-42A3-9474-1A3956D46DE8}") = "shared", "shared", "{1C7599A4-37B2-4F48-B42E-5617B5C35C3F}"
EndProject
Project("{FAE04EC0-301F-11D3-BF4B-00C04F79EFBC}") = "Booking.Shared", "shared\Booking.Shared\Booking.Shared.csproj", "{BC5852EF-74BC-47FE-82F9-ABE2E78C930B}"
EndProject
Project("{2150E333-8FDC-42A3-9474-1A3956D46DE8}") = "IdentityService", "IdentityService", "{DA3D79AB-4317-47E2-A565-DE365AD3A28E}"
EndProject
Project("{FAE04EC0-301F-11D3-BF4B-00C04F79EFBC}") = "Identity.Client", "services\IdentityService\Identity.Client\Identity.Client.csproj", "{24051059-3CE5-49EA-AE29-0A7E4A959547}"
EndProject
Project("{FAE04EC0-301F-11D3-BF4B-00C04F79EFBC}") = "Identity.Application", "services\IdentityService\Identity.Application\Identity.Application.csproj", "{5CEBDB3E-A94D-4607-9DE6-66166796AE2D}"
EndProject
Project("{FAE04EC0-301F-11D3-BF4B-00C04F79EFBC}") = "Identity.Api", "services\IdentityService\Identity.Api\Identity.Api.csproj", "{E7C96AB7-D6FD-4C88-8620-092942613B77}"
EndProject
Project("{2150E333-8FDC-42A3-9474-1A3956D46DE8}") = "Solution Items", "Solution Items", "{28334A94-4C6B-4EFD-9069-66C9FE5C063E}"
	ProjectSection(SolutionItems) = preProject
		compose.yaml = compose.yaml
		realms\booking.json = realms\booking.json
		realms\master.json = realms\master.json
	EndProjectSection
EndProject
Project("{2150E333-8FDC-42A3-9474-1A3956D46DE8}") = "HotelCatalogService", "HotelCatalogService", "{34E12DB4-0C50-4FB4-AD9C-5DFA10664526}"
EndProject
Project("{FAE04EC0-301F-11D3-BF4B-00C04F79EFBC}") = "HotelCatalog.Domain", "services\HotelCatalogService\HotelCatalog.Domain\HotelCatalog.Domain.csproj", "{076B0469-3B49-4E88-9BF5-A84A3CB26B38}"
EndProject
Project("{FAE04EC0-301F-11D3-BF4B-00C04F79EFBC}") = "HotelCatalog.Infrastructure", "services\HotelCatalogService\HotelCatalog.Infrastructure\HotelCatalog.Infrastructure.csproj", "{B67AE4F0-1D3B-424B-B6FF-B93F1A13B973}"
EndProject
Project("{FAE04EC0-301F-11D3-BF4B-00C04F79EFBC}") = "HotelCatalog.Application", "services\HotelCatalogService\HotelCatalog.Application\HotelCatalog.Application.csproj", "{2F100286-9C32-442B-B993-1802AE76A38C}"
EndProject
Project("{2150E333-8FDC-42A3-9474-1A3956D46DE8}") = "ProfileService", "ProfileService", "{F4B16548-BAB2-4847-9802-9ACDA1507AE0}"
EndProject
Project("{FAE04EC0-301F-11D3-BF4B-00C04F79EFBC}") = "Profile.Domain", "services\ProfileService\Profile.Domain\Profile.Domain.csproj", "{01B68F5B-5330-4161-9C47-DFE267F44BF8}"
EndProject
Project("{FAE04EC0-301F-11D3-BF4B-00C04F79EFBC}") = "Profile.Infrastructure", "services\ProfileService\Profile.Infrastructure\Profile.Infrastructure.csproj", "{B77DADC6-0D2D-46DB-8976-24BCBFE2691F}"
EndProject
Project("{FAE04EC0-301F-11D3-BF4B-00C04F79EFBC}") = "Profile.Api", "services\ProfileService\Profile.Api\Profile.Api.csproj", "{80EE9A3B-8ACD-48B2-8068-3E499621F1C8}"
EndProject
Project("{FAE04EC0-301F-11D3-BF4B-00C04F79EFBC}") = "Booking.Gateway", "gateway\Booking.Gateway\Booking.Gateway.csproj", "{A4E28F9D-C39E-4FC1-BF22-F37ABCAFD91D}"
EndProject
Project("{FAE04EC0-301F-11D3-BF4B-00C04F79EFBC}") = "HotelCatalog.Api", "services\HotelCatalogService\HotelCatalog.Api\HotelCatalog.Api.csproj", "{65F1D5D8-4ADD-452D-9B23-9F64B3F0C2AA}"
EndProject
Project("{FAE04EC0-301F-11D3-BF4B-00C04F79EFBC}") = "Booking.Tests", "tests\Booking.Tests\Booking.Tests.csproj", "{A3FB29F7-5F3D-45AA-BA6D-7037CADC112E}"
EndProject
Global
	GlobalSection(SolutionConfigurationPlatforms) = preSolution
		Debug|Any CPU = Debug|Any CPU
		Release|Any CPU = Release|Any CPU
	EndGlobalSection
	GlobalSection(NestedProjects) = preSolution
		{BC5852EF-74BC-47FE-82F9-ABE2E78C930B} = {1C7599A4-37B2-4F48-B42E-5617B5C35C3F}
		{DA3D79AB-4317-47E2-A565-DE365AD3A28E} = {5FE7054D-F614-4DD9-974C-4B43C1AD57DD}
		{24051059-3CE5-49EA-AE29-0A7E4A959547} = {DA3D79AB-4317-47E2-A565-DE365AD3A28E}
		{5CEBDB3E-A94D-4607-9DE6-66166796AE2D} = {DA3D79AB-4317-47E2-A565-DE365AD3A28E}
		{E7C96AB7-D6FD-4C88-8620-092942613B77} = {DA3D79AB-4317-47E2-A565-DE365AD3A28E}
		{34E12DB4-0C50-4FB4-AD9C-5DFA10664526} = {5FE7054D-F614-4DD9-974C-4B43C1AD57DD}
		{076B0469-3B49-4E88-9BF5-A84A3CB26B38} = {34E12DB4-0C50-4FB4-AD9C-5DFA10664526}
		{B67AE4F0-1D3B-424B-B6FF-B93F1A13B973} = {34E12DB4-0C50-4FB4-AD9C-5DFA10664526}
		{2F100286-9C32-442B-B993-1802AE76A38C} = {34E12DB4-0C50-4FB4-AD9C-5DFA10664526}
		{F4B16548-BAB2-4847-9802-9ACDA1507AE0} = {5FE7054D-F614-4DD9-974C-4B43C1AD57DD}
		{01B68F5B-5330-4161-9C47-DFE267F44BF8} = {F4B16548-BAB2-4847-9802-9ACDA1507AE0}
		{B77DADC6-0D2D-46DB-8976-24BCBFE2691F} = {F4B16548-BAB2-4847-9802-9ACDA1507AE0}
		{80EE9A3B-8ACD-48B2-8068-3E499621F1C8} = {F4B16548-BAB2-4847-9802-9ACDA1507AE0}
		{A4E28F9D-C39E-4FC1-BF22-F37ABCAFD91D} = {BCCA64C8-A4F1-4728-93DA-E185D3F9CD59}
		{65F1D5D8-4ADD-452D-9B23-9F64B3F0C2AA} = {34E12DB4-0C50-4FB4-AD9C-5DFA10664526}
		{A3FB29F7-5F3D-45AA-BA6D-7037CADC112E} = {D657BEF7-9D9F-4159-86A3-F712E621703D}
	EndGlobalSection
	GlobalSection(ProjectConfigurationPlatforms) = postSolution
		{BC5852EF-74BC-47FE-82F9-ABE2E78C930B}.Debug|Any CPU.ActiveCfg = Debug|Any CPU
		{BC5852EF-74BC-47FE-82F9-ABE2E78C930B}.Debug|Any CPU.Build.0 = Debug|Any CPU
		{BC5852EF-74BC-47FE-82F9-ABE2E78C930B}.Release|Any CPU.ActiveCfg = Release|Any CPU
		{BC5852EF-74BC-47FE-82F9-ABE2E78C930B}.Release|Any CPU.Build.0 = Release|Any CPU
		{24051059-3CE5-49EA-AE29-0A7E4A959547}.Debug|Any CPU.ActiveCfg = Debug|Any CPU
		{24051059-3CE5-49EA-AE29-0A7E4A959547}.Debug|Any CPU.Build.0 = Debug|Any CPU
		{24051059-3CE5-49EA-AE29-0A7E4A959547}.Release|Any CPU.ActiveCfg = Release|Any CPU
		{24051059-3CE5-49EA-AE29-0A7E4A959547}.Release|Any CPU.Build.0 = Release|Any CPU
		{5CEBDB3E-A94D-4607-9DE6-66166796AE2D}.Debug|Any CPU.ActiveCfg = Debug|Any CPU
		{5CEBDB3E-A94D-4607-9DE6-66166796AE2D}.Debug|Any CPU.Build.0 = Debug|Any CPU
		{5CEBDB3E-A94D-4607-9DE6-66166796AE2D}.Release|Any CPU.ActiveCfg = Release|Any CPU
		{5CEBDB3E-A94D-4607-9DE6-66166796AE2D}.Release|Any CPU.Build.0 = Release|Any CPU
		{E7C96AB7-D6FD-4C88-8620-092942613B77}.Debug|Any CPU.ActiveCfg = Debug|Any CPU
		{E7C96AB7-D6FD-4C88-8620-092942613B77}.Debug|Any CPU.Build.0 = Debug|Any CPU
		{E7C96AB7-D6FD-4C88-8620-092942613B77}.Release|Any CPU.ActiveCfg = Release|Any CPU
		{E7C96AB7-D6FD-4C88-8620-092942613B77}.Release|Any CPU.Build.0 = Release|Any CPU
		{076B0469-3B49-4E88-9BF5-A84A3CB26B38}.Debug|Any CPU.ActiveCfg = Debug|Any CPU
		{076B0469-3B49-4E88-9BF5-A84A3CB26B38}.Debug|Any CPU.Build.0 = Debug|Any CPU
		{076B0469-3B49-4E88-9BF5-A84A3CB26B38}.Release|Any CPU.ActiveCfg = Release|Any CPU
		{076B0469-3B49-4E88-9BF5-A84A3CB26B38}.Release|Any CPU.Build.0 = Release|Any CPU
		{B67AE4F0-1D3B-424B-B6FF-B93F1A13B973}.Debug|Any CPU.ActiveCfg = Debug|Any CPU
		{B67AE4F0-1D3B-424B-B6FF-B93F1A13B973}.Debug|Any CPU.Build.0 = Debug|Any CPU
		{B67AE4F0-1D3B-424B-B6FF-B93F1A13B973}.Release|Any CPU.ActiveCfg = Release|Any CPU
		{B67AE4F0-1D3B-424B-B6FF-B93F1A13B973}.Release|Any CPU.Build.0 = Release|Any CPU
		{2F100286-9C32-442B-B993-1802AE76A38C}.Debug|Any CPU.ActiveCfg = Debug|Any CPU
		{2F100286-9C32-442B-B993-1802AE76A38C}.Debug|Any CPU.Build.0 = Debug|Any CPU
		{2F100286-9C32-442B-B993-1802AE76A38C}.Release|Any CPU.ActiveCfg = Release|Any CPU
		{2F100286-9C32-442B-B993-1802AE76A38C}.Release|Any CPU.Build.0 = Release|Any CPU
		{01B68F5B-5330-4161-9C47-DFE267F44BF8}.Debug|Any CPU.ActiveCfg = Debug|Any CPU
		{01B68F5B-5330-4161-9C47-DFE267F44BF8}.Debug|Any CPU.Build.0 = Debug|Any CPU
		{01B68F5B-5330-4161-9C47-DFE267F44BF8}.Release|Any CPU.ActiveCfg = Release|Any CPU
		{01B68F5B-5330-4161-9C47-DFE267F44BF8}.Release|Any CPU.Build.0 = Release|Any CPU
		{B77DADC6-0D2D-46DB-8976-24BCBFE2691F}.Debug|Any CPU.ActiveCfg = Debug|Any CPU
		{B77DADC6-0D2D-46DB-8976-24BCBFE2691F}.Debug|Any CPU.Build.0 = Debug|Any CPU
		{B77DADC6-0D2D-46DB-8976-24BCBFE2691F}.Release|Any CPU.ActiveCfg = Release|Any CPU
		{B77DADC6-0D2D-46DB-8976-24BCBFE2691F}.Release|Any CPU.Build.0 = Release|Any CPU
		{80EE9A3B-8ACD-48B2-8068-3E499621F1C8}.Debug|Any CPU.ActiveCfg = Debug|Any CPU
		{80EE9A3B-8ACD-48B2-8068-3E499621F1C8}.Debug|Any CPU.Build.0 = Debug|Any CPU
		{80EE9A3B-8ACD-48B2-8068-3E499621F1C8}.Release|Any CPU.ActiveCfg = Release|Any CPU
		{80EE9A3B-8ACD-48B2-8068-3E499621F1C8}.Release|Any CPU.Build.0 = Release|Any CPU
		{A4E28F9D-C39E-4FC1-BF22-F37ABCAFD91D}.Debug|Any CPU.ActiveCfg = Debug|Any CPU
		{A4E28F9D-C39E-4FC1-BF22-F37ABCAFD91D}.Debug|Any CPU.Build.0 = Debug|Any CPU
		{A4E28F9D-C39E-4FC1-BF22-F37ABCAFD91D}.Release|Any CPU.ActiveCfg = Release|Any CPU
		{A4E28F9D-C39E-4FC1-BF22-F37ABCAFD91D}.Release|Any CPU.Build.0 = Release|Any CPU
		{65F1D5D8-4ADD-452D-9B23-9F64B3F0C2AA}.Debug|Any CPU.ActiveCfg = Debug|Any CPU
		{65F1D5D8-4ADD-452D-9B23-9F64B3F0C2AA}.Debug|Any CPU.Build.0 = Debug|Any CPU
		{65F1D5D8-4ADD-452D-9B23-9F64B3F0C2AA}.Release|Any CPU.ActiveCfg = Release|Any CPU
		{65F1D5D8-4ADD-452D-9B23-9F64B3F0C2AA}.Release|Any CPU.Build.0 = Release|Any CPU
		{A3FB29F7-5F3D-45AA-BA6D-7037CADC112E}.Debug|Any CPU.ActiveCfg = Debug|Any CPU
		{A3FB29F7-5F3D-45AA-BA6D-7037CADC112E}.Debug|Any CPU.Build.0 = Debug|Any CPU
		{A3FB29F7-5F3D-45AA-BA6D-7037CADC112E}.Release|Any CPU.ActiveCfg = Release|Any CPU
		{A3FB29F7-5F3D-45AA-BA6D-7037CADC112E}.Release|Any CPU.Build.0 = Release|Any CPU
	EndGlobalSection
EndGlobal
